
Microsoft Visual Studio Solution File, Format Version 12.00
# Visual Studio Version 16
VisualStudioVersion = 16.0.31321.278
MinimumVisualStudioVersion = 10.0.40219.1
Project("{FAE04EC0-301F-11D3-BF4B-00C04F79EFBC}") = "ArchHelper2", "ArchHelper2\ArchHelper2.csproj", "{B723ED3C-290F-4C5C-BF8A-92611CFDCC3A}"
EndProject
Global
	GlobalSection(SolutionConfigurationPlatforms) = preSolution
		Debug|Any CPU = Debug|Any CPU
		Release|Any CPU = Release|Any CPU
	EndGlobalSection
	GlobalSection(ProjectConfigurationPlatforms) = postSolution
		{B723ED3C-290F-4C5C-BF8A-92611CFDCC3A}.Debug|Any CPU.ActiveCfg = Debug|Any CPU
		{B723ED3C-290F-4C5C-BF8A-92611CFDCC3A}.Debug|Any CPU.Build.0 = Debug|Any CPU
		{B723ED3C-290F-4C5C-BF8A-92611CFDCC3A}.Release|Any CPU.ActiveCfg = Release|Any CPU
		{B723ED3C-290F-4C5C-BF8A-92611CFDCC3A}.Release|Any CPU.Build.0 = Release|Any CPU
	EndGlobalSection
	GlobalSection(SolutionProperties) = preSolution
		HideSolutionNode = FALSE
	EndGlobalSection
	GlobalSection(ExtensibilityGlobals) = postSolution
		SolutionGuid = {152BB22D-F43D-45E9-AF9F-A348043D09E4}
	EndGlobalSection
EndGlobal
